{
  "requires": true,
  "lockfileVersion": 1,
  "dependencies": {
    "@fontsource/open-sans": {
      "version": "4.5.2",
      "resolved": "https://registry.npmjs.org/@fontsource/open-sans/-/open-sans-4.5.2.tgz",
      "integrity": "sha512-aDQrW8s0KslG2aKb9nM5R6fiQR9iPomqWXf6iZCC30qv/UFlSY14SppodA3rE//+w37EqsJjyUq3BSEYzLdisg=="
    }
  }
}
