# THIS IS AN AUTOGENERATED FILE. DO NOT EDIT THIS FILE DIRECTLY.
# yarn lockfile v1


"@fontsource/open-sans@^4.5.2":
  version "4.5.2"
  resolved "https://registry.yarnpkg.com/@fontsource/open-sans/-/open-sans-4.5.2.tgz#6953650035d5b42be645013b1465544d0af49d7d"
  integrity sha512-aDQrW8s0KslG2aKb9nM5R6fiQR9iPomqWXf6iZCC30qv/UFlSY14SppodA3rE//+w37EqsJjyUq3BSEYzLdisg==
